
Microsoft Visual Studio Solution File, Format Version 12.00
# Visual Studio Version 17
VisualStudioVersion = 17.1.32407.343
MinimumVisualStudioVersion = 10.0.40219.1
Project("{FAE04EC0-301F-11D3-BF4B-00C04F79EFBC}") = "ConsoleApp1", "ConsoleApp1\ConsoleApp1.csproj", "{804756DE-D579-40A3-8B7F-ADDED17A1D53}"
EndProject
Project("{FAE04EC0-301F-11D3-BF4B-00C04F79EFBC}") = "Atm_system", "Atm_system\Atm_system.csproj", "{DEDA6D81-2AEF-4F31-9F21-C06972A2376A}"
EndProject
Project("{FAE04EC0-301F-11D3-BF4B-00C04F79EFBC}") = "otomat", "otomat\otomat.csproj", "{47C77A40-04D6-4C35-908B-096360B1FB04}"
EndProject
Global
	GlobalSection(SolutionConfigurationPlatforms) = preSolution
		Debug|Any CPU = Debug|Any CPU
		Release|Any CPU = Release|Any CPU
	EndGlobalSection
	GlobalSection(ProjectConfigurationPlatforms) = postSolution
		{804756DE-D579-40A3-8B7F-ADDED17A1D53}.Debug|Any CPU.ActiveCfg = Debug|Any CPU
		{804756DE-D579-40A3-8B7F-ADDED17A1D53}.Debug|Any CPU.Build.0 = Debug|Any CPU
		{804756DE-D579-40A3-8B7F-ADDED17A1D53}.Release|Any CPU.ActiveCfg = Release|Any CPU
		{804756DE-D579-40A3-8B7F-ADDED17A1D53}.Release|Any CPU.Build.0 = Release|Any CPU
		{DEDA6D81-2AEF-4F31-9F21-C06972A2376A}.Debug|Any CPU.ActiveCfg = Debug|Any CPU
		{DEDA6D81-2AEF-4F31-9F21-C06972A2376A}.Debug|Any CPU.Build.0 = Debug|Any CPU
		{DEDA6D81-2AEF-4F31-9F21-C06972A2376A}.Release|Any CPU.ActiveCfg = Release|Any CPU
		{DEDA6D81-2AEF-4F31-9F21-C06972A2376A}.Release|Any CPU.Build.0 = Release|Any CPU
		{47C77A40-04D6-4C35-908B-096360B1FB04}.Debug|Any CPU.ActiveCfg = Debug|Any CPU
		{47C77A40-04D6-4C35-908B-096360B1FB04}.Debug|Any CPU.Build.0 = Debug|Any CPU
		{47C77A40-04D6-4C35-908B-096360B1FB04}.Release|Any CPU.ActiveCfg = Release|Any CPU
		{47C77A40-04D6-4C35-908B-096360B1FB04}.Release|Any CPU.Build.0 = Release|Any CPU
	EndGlobalSection
	GlobalSection(SolutionProperties) = preSolution
		HideSolutionNode = FALSE
	EndGlobalSection
	GlobalSection(ExtensibilityGlobals) = postSolution
		SolutionGuid = {ECC235B2-2BE3-49A9-A35F-004CC041FDA4}
	EndGlobalSection
EndGlobal
