
Microsoft Visual Studio Solution File, Format Version 12.00
# Visual Studio Version 17
VisualStudioVersion = 17.1.32328.378
MinimumVisualStudioVersion = 10.0.40219.1
Project("{FAE04EC0-301F-11D3-BF4B-00C04F79EFBC}") = "first_lesson", "first_lesson\first_lesson.csproj", "{59B1EFF6-F2AF-442F-8B88-6C44F5DAA59F}"
EndProject
Project("{FAE04EC0-301F-11D3-BF4B-00C04F79EFBC}") = "02_degiskenler", "02_degiskenler\02_degiskenler.csproj", "{C90443A4-0D65-4BF7-AA74-C06D1BB1B577}"
EndProject
Project("{FAE04EC0-301F-11D3-BF4B-00C04F79EFBC}") = "02_Opreatörler", "02_Opreatörler\02_Opreatörler.csproj", "{97DF0FF6-85E3-4F75-8A2F-B05FF4054709}"
EndProject
Project("{FAE04EC0-301F-11D3-BF4B-00C04F79EFBC}") = "03_Convert", "04_ifelse\03_Convert.csproj", "{E8EA6A4E-19B2-4602-AA62-4256C579B217}"
EndProject
Project("{FAE04EC0-301F-11D3-BF4B-00C04F79EFBC}") = "04_ifelsee", "04_ifelsee\04_ifelsee.csproj", "{E28C11BC-F688-4E02-8DB0-F72495EFC924}"
EndProject
Project("{FAE04EC0-301F-11D3-BF4B-00C04F79EFBC}") = "Loops", "Loops\Loops.csproj", "{0B54BF13-84B0-433F-8328-90816F9B44A1}"
EndProject
Project("{FAE04EC0-301F-11D3-BF4B-00C04F79EFBC}") = "06_Arrays", "06_Arrays\06_Arrays.csproj", "{77E9C612-654C-4FF1-BA6F-9ECAA0BD18CD}"
EndProject
Global
	GlobalSection(SolutionConfigurationPlatforms) = preSolution
		Debug|Any CPU = Debug|Any CPU
		Release|Any CPU = Release|Any CPU
	EndGlobalSection
	GlobalSection(ProjectConfigurationPlatforms) = postSolution
		{59B1EFF6-F2AF-442F-8B88-6C44F5DAA59F}.Debug|Any CPU.ActiveCfg = Debug|Any CPU
		{59B1EFF6-F2AF-442F-8B88-6C44F5DAA59F}.Debug|Any CPU.Build.0 = Debug|Any CPU
		{59B1EFF6-F2AF-442F-8B88-6C44F5DAA59F}.Release|Any CPU.ActiveCfg = Release|Any CPU
		{59B1EFF6-F2AF-442F-8B88-6C44F5DAA59F}.Release|Any CPU.Build.0 = Release|Any CPU
		{C90443A4-0D65-4BF7-AA74-C06D1BB1B577}.Debug|Any CPU.ActiveCfg = Debug|Any CPU
		{C90443A4-0D65-4BF7-AA74-C06D1BB1B577}.Debug|Any CPU.Build.0 = Debug|Any CPU
		{C90443A4-0D65-4BF7-AA74-C06D1BB1B577}.Release|Any CPU.ActiveCfg = Release|Any CPU
		{C90443A4-0D65-4BF7-AA74-C06D1BB1B577}.Release|Any CPU.Build.0 = Release|Any CPU
		{97DF0FF6-85E3-4F75-8A2F-B05FF4054709}.Debug|Any CPU.ActiveCfg = Debug|Any CPU
		{97DF0FF6-85E3-4F75-8A2F-B05FF4054709}.Debug|Any CPU.Build.0 = Debug|Any CPU
		{97DF0FF6-85E3-4F75-8A2F-B05FF4054709}.Release|Any CPU.ActiveCfg = Release|Any CPU
		{97DF0FF6-85E3-4F75-8A2F-B05FF4054709}.Release|Any CPU.Build.0 = Release|Any CPU
		{E8EA6A4E-19B2-4602-AA62-4256C579B217}.Debug|Any CPU.ActiveCfg = Debug|Any CPU
		{E8EA6A4E-19B2-4602-AA62-4256C579B217}.Debug|Any CPU.Build.0 = Debug|Any CPU
		{E8EA6A4E-19B2-4602-AA62-4256C579B217}.Release|Any CPU.ActiveCfg = Release|Any CPU
		{E8EA6A4E-19B2-4602-AA62-4256C579B217}.Release|Any CPU.Build.0 = Release|Any CPU
		{E28C11BC-F688-4E02-8DB0-F72495EFC924}.Debug|Any CPU.ActiveCfg = Debug|Any CPU
		{E28C11BC-F688-4E02-8DB0-F72495EFC924}.Debug|Any CPU.Build.0 = Debug|Any CPU
		{E28C11BC-F688-4E02-8DB0-F72495EFC924}.Release|Any CPU.ActiveCfg = Release|Any CPU
		{E28C11BC-F688-4E02-8DB0-F72495EFC924}.Release|Any CPU.Build.0 = Release|Any CPU
		{0B54BF13-84B0-433F-8328-90816F9B44A1}.Debug|Any CPU.ActiveCfg = Debug|Any CPU
		{0B54BF13-84B0-433F-8328-90816F9B44A1}.Debug|Any CPU.Build.0 = Debug|Any CPU
		{0B54BF13-84B0-433F-8328-90816F9B44A1}.Release|Any CPU.ActiveCfg = Release|Any CPU
		{0B54BF13-84B0-433F-8328-90816F9B44A1}.Release|Any CPU.Build.0 = Release|Any CPU
		{77E9C612-654C-4FF1-BA6F-9ECAA0BD18CD}.Debug|Any CPU.ActiveCfg = Debug|Any CPU
		{77E9C612-654C-4FF1-BA6F-9ECAA0BD18CD}.Debug|Any CPU.Build.0 = Debug|Any CPU
		{77E9C612-654C-4FF1-BA6F-9ECAA0BD18CD}.Release|Any CPU.ActiveCfg = Release|Any CPU
		{77E9C612-654C-4FF1-BA6F-9ECAA0BD18CD}.Release|Any CPU.Build.0 = Release|Any CPU
	EndGlobalSection
	GlobalSection(SolutionProperties) = preSolution
		HideSolutionNode = FALSE
	EndGlobalSection
	GlobalSection(ExtensibilityGlobals) = postSolution
		SolutionGuid = {6A2468CE-C1D8-4672-80A3-3DED756B1A7D}
	EndGlobalSection
EndGlobal
